version = 1
revision = 2
requires-python = ">=3.12"

[[package]]
name = "anyascii"
version = "0.3.3"
source = { registry = "https://pypi.org/simple" }
sdist = { url = "https://files.pythonhosted.org/packages/db/ba/edebda727008390936da4a9bf677c19cd63b32d51e864656d2cbd1028e25/anyascii-0.3.3.tar.gz", hash = "sha256:c94e9dd9d47b3d9494eca305fef9447d00b4bf1a32aff85aa746fa3ec7fb95c3", size = 264680, upload-time = "2025-06-29T03:33:30.427Z" }
wheels = [
    { url = "https://files.pythonhosted.org/packages/c2/76/783b75a21ce3563b8709050de030ae253853b147bd52e141edc1025aa268/anyascii-0.3.3-py3-none-any.whl", hash = "sha256:f5ab5e53c8781a36b5a40e1296a0eeda2f48c649ef10c3921c1381b1d00dee7a", size = 345090, upload-time = "2025-06-29T03:33:28.356Z" },
]

[[package]]
name = "business-entity-resolution"
version = "0.1.0"
source = { editable = "." }
dependencies = [
    { name = "anyascii" },
]

[package.metadata]
requires-dist = [{ name = "anyascii", specifier = ">=0.3.3" }]
